{
	"name": "@dwmt/elementforge",
	"version": "0.0.1-alpha",
	"lockfileVersion": 1,
	"requires": true,
	"dependencies": {
		"@dwmt/loader": {
			"version": "1.0.0",
			"resolved": "https://registry.npmjs.org/@dwmt/loader/-/loader-1.0.0.tgz",
			"integrity": "sha512-0YoFu4g4ZDVj/fDuM862pJRbldIV6yfR0Z+6oxemSpr8ECG/6bVhPUb19ZUinJE96JUwqSmpE11fPTspoKzWkQ=="
		}
	}
}
